
Microsoft Visual Studio Solution File, Format Version 12.00
# Visual Studio 15
VisualStudioVersion = 15.0.26124.0
MinimumVisualStudioVersion = 15.0.26124.0
Project("{FAE04EC0-301F-11D3-BF4B-00C04F79EFBC}") = "PizzaBox.Client", "PizzaBox.Client\PizzaBox.Client.csproj", "{5A1A0A46-A510-4B9E-83A5-BE806E159000}"
EndProject
Project("{FAE04EC0-301F-11D3-BF4B-00C04F79EFBC}") = "PizzaBox.Domain", "PizzaBox.Domain\PizzaBox.Domain.csproj", "{3AC41202-5A14-45A1-AEA3-30282AD45509}"
EndProject
Project("{FAE04EC0-301F-11D3-BF4B-00C04F79EFBC}") = "PizzaBox.Storage", "PizzaBox.Storage\PizzaBox.Storage.csproj", "{6DCFDB4F-D80E-4D49-A6F1-A422ECFDD8AB}"
EndProject
Project("{FAE04EC0-301F-11D3-BF4B-00C04F79EFBC}") = "PizzaBox.Testing", "PizzaBox.Testing\PizzaBox.Testing.csproj", "{77EDAA03-FC40-44DF-9112-3E51C2457046}"
EndProject
Global
	GlobalSection(SolutionConfigurationPlatforms) = preSolution
		Debug|Any CPU = Debug|Any CPU
		Debug|x64 = Debug|x64
		Debug|x86 = Debug|x86
		Release|Any CPU = Release|Any CPU
		Release|x64 = Release|x64
		Release|x86 = Release|x86
	EndGlobalSection
	GlobalSection(SolutionProperties) = preSolution
		HideSolutionNode = FALSE
	EndGlobalSection
	GlobalSection(ProjectConfigurationPlatforms) = postSolution
		{5A1A0A46-A510-4B9E-83A5-BE806E159000}.Debug|Any CPU.ActiveCfg = Debug|Any CPU
		{5A1A0A46-A510-4B9E-83A5-BE806E159000}.Debug|Any CPU.Build.0 = Debug|Any CPU
		{5A1A0A46-A510-4B9E-83A5-BE806E159000}.Debug|x64.ActiveCfg = Debug|Any CPU
		{5A1A0A46-A510-4B9E-83A5-BE806E159000}.Debug|x64.Build.0 = Debug|Any CPU
		{5A1A0A46-A510-4B9E-83A5-BE806E159000}.Debug|x86.ActiveCfg = Debug|Any CPU
		{5A1A0A46-A510-4B9E-83A5-BE806E159000}.Debug|x86.Build.0 = Debug|Any CPU
		{5A1A0A46-A510-4B9E-83A5-BE806E159000}.Release|Any CPU.ActiveCfg = Release|Any CPU
		{5A1A0A46-A510-4B9E-83A5-BE806E159000}.Release|Any CPU.Build.0 = Release|Any CPU
		{5A1A0A46-A510-4B9E-83A5-BE806E159000}.Release|x64.ActiveCfg = Release|Any CPU
		{5A1A0A46-A510-4B9E-83A5-BE806E159000}.Release|x64.Build.0 = Release|Any CPU
		{5A1A0A46-A510-4B9E-83A5-BE806E159000}.Release|x86.ActiveCfg = Release|Any CPU
		{5A1A0A46-A510-4B9E-83A5-BE806E159000}.Release|x86.Build.0 = Release|Any CPU
		{3AC41202-5A14-45A1-AEA3-30282AD45509}.Debug|Any CPU.ActiveCfg = Debug|Any CPU
		{3AC41202-5A14-45A1-AEA3-30282AD45509}.Debug|Any CPU.Build.0 = Debug|Any CPU
		{3AC41202-5A14-45A1-AEA3-30282AD45509}.Debug|x64.ActiveCfg = Debug|Any CPU
		{3AC41202-5A14-45A1-AEA3-30282AD45509}.Debug|x64.Build.0 = Debug|Any CPU
		{3AC41202-5A14-45A1-AEA3-30282AD45509}.Debug|x86.ActiveCfg = Debug|Any CPU
		{3AC41202-5A14-45A1-AEA3-30282AD45509}.Debug|x86.Build.0 = Debug|Any CPU
		{3AC41202-5A14-45A1-AEA3-30282AD45509}.Release|Any CPU.ActiveCfg = Release|Any CPU
		{3AC41202-5A14-45A1-AEA3-30282AD45509}.Release|Any CPU.Build.0 = Release|Any CPU
		{3AC41202-5A14-45A1-AEA3-30282AD45509}.Release|x64.ActiveCfg = Release|Any CPU
		{3AC41202-5A14-45A1-AEA3-30282AD45509}.Release|x64.Build.0 = Release|Any CPU
		{3AC41202-5A14-45A1-AEA3-30282AD45509}.Release|x86.ActiveCfg = Release|Any CPU
		{3AC41202-5A14-45A1-AEA3-30282AD45509}.Release|x86.Build.0 = Release|Any CPU
		{6DCFDB4F-D80E-4D49-A6F1-A422ECFDD8AB}.Debug|Any CPU.ActiveCfg = Debug|Any CPU
		{6DCFDB4F-D80E-4D49-A6F1-A422ECFDD8AB}.Debug|Any CPU.Build.0 = Debug|Any CPU
		{6DCFDB4F-D80E-4D49-A6F1-A422ECFDD8AB}.Debug|x64.ActiveCfg = Debug|Any CPU
		{6DCFDB4F-D80E-4D49-A6F1-A422ECFDD8AB}.Debug|x64.Build.0 = Debug|Any CPU
		{6DCFDB4F-D80E-4D49-A6F1-A422ECFDD8AB}.Debug|x86.ActiveCfg = Debug|Any CPU
		{6DCFDB4F-D80E-4D49-A6F1-A422ECFDD8AB}.Debug|x86.Build.0 = Debug|Any CPU
		{6DCFDB4F-D80E-4D49-A6F1-A422ECFDD8AB}.Release|Any CPU.ActiveCfg = Release|Any CPU
		{6DCFDB4F-D80E-4D49-A6F1-A422ECFDD8AB}.Release|Any CPU.Build.0 = Release|Any CPU
		{6DCFDB4F-D80E-4D49-A6F1-A422ECFDD8AB}.Release|x64.ActiveCfg = Release|Any CPU
		{6DCFDB4F-D80E-4D49-A6F1-A422ECFDD8AB}.Release|x64.Build.0 = Release|Any CPU
		{6DCFDB4F-D80E-4D49-A6F1-A422ECFDD8AB}.Release|x86.ActiveCfg = Release|Any CPU
		{6DCFDB4F-D80E-4D49-A6F1-A422ECFDD8AB}.Release|x86.Build.0 = Release|Any CPU
		{77EDAA03-FC40-44DF-9112-3E51C2457046}.Debug|Any CPU.ActiveCfg = Debug|Any CPU
		{77EDAA03-FC40-44DF-9112-3E51C2457046}.Debug|Any CPU.Build.0 = Debug|Any CPU
		{77EDAA03-FC40-44DF-9112-3E51C2457046}.Debug|x64.ActiveCfg = Debug|Any CPU
		{77EDAA03-FC40-44DF-9112-3E51C2457046}.Debug|x64.Build.0 = Debug|Any CPU
		{77EDAA03-FC40-44DF-9112-3E51C2457046}.Debug|x86.ActiveCfg = Debug|Any CPU
		{77EDAA03-FC40-44DF-9112-3E51C2457046}.Debug|x86.Build.0 = Debug|Any CPU
		{77EDAA03-FC40-44DF-9112-3E51C2457046}.Release|Any CPU.ActiveCfg = Release|Any CPU
		{77EDAA03-FC40-44DF-9112-3E51C2457046}.Release|Any CPU.Build.0 = Release|Any CPU
		{77EDAA03-FC40-44DF-9112-3E51C2457046}.Release|x64.ActiveCfg = Release|Any CPU
		{77EDAA03-FC40-44DF-9112-3E51C2457046}.Release|x64.Build.0 = Release|Any CPU
		{77EDAA03-FC40-44DF-9112-3E51C2457046}.Release|x86.ActiveCfg = Release|Any CPU
		{77EDAA03-FC40-44DF-9112-3E51C2457046}.Release|x86.Build.0 = Release|Any CPU
	EndGlobalSection
EndGlobal
